
Microsoft Visual Studio Solution File, Format Version 11.00
# Visual Studio 2010
Project("{8BC9CEB8-8B4A-11D0-8D11-00A0C91BC942}") = "IdcHybridContainer", "IdcHybridContainer.vcxproj", "{417E0041-EB9D-47E7-813F-FD62F4273DEA}"
EndProject
Global
	GlobalSection(SubversionScc) = preSolution
		Svn-Managed = True
		Manager = AnkhSVN - Subversion Support for Visual Studio
	EndGlobalSection
	GlobalSection(SolutionConfigurationPlatforms) = preSolution
		Debug|Win32 = Debug|Win32
		Release|Win32 = Release|Win32
	EndGlobalSection
	GlobalSection(ProjectConfigurationPlatforms) = postSolution
		{417E0041-EB9D-47E7-813F-FD62F4273DEA}.Debug|Win32.ActiveCfg = Debug|Win32
		{417E0041-EB9D-47E7-813F-FD62F4273DEA}.Debug|Win32.Build.0 = Debug|Win32
		{417E0041-EB9D-47E7-813F-FD62F4273DEA}.Release|Win32.ActiveCfg = Release|Win32
		{417E0041-EB9D-47E7-813F-FD62F4273DEA}.Release|Win32.Build.0 = Release|Win32
	EndGlobalSection
	GlobalSection(SolutionProperties) = preSolution
		HideSolutionNode = FALSE
	EndGlobalSection
EndGlobal
